// !$*UTF8*$!
{
	archiveVersion = 1;
	classes = {
	};
	objectVersion = 50;
	objects = {

/* Begin PBXBuildFile section */
		680D8502D835B82F77BC3569 /* Pods_ToDude.framework in Frameworks */ = {isa = PBXBuildFile; fileRef = F84EAECE2BC38EB8A8B5964E /* Pods_ToDude.framework */; };
		7FEDB64225CCA26F00C8E9F7 /* AppDelegate.swift in Sources */ = {isa = PBXBuildFile; fileRef = 7FEDB64125CCA26F00C8E9F7 /* AppDelegate.swift */; };
		7FEDB64425CCA26F00C8E9F7 /* SceneDelegate.swift in Sources */ = {isa = PBXBuildFile; fileRef = 7FEDB64325CCA26F00C8E9F7 /* SceneDelegate.swift */; };
		7FEDB64925CCA26F00C8E9F7 /* Main.storyboard in Resources */ = {isa = PBXBuildFile; fileRef = 7FEDB64725CCA26F00C8E9F7 /* Main.storyboard */; };
		7FEDB64C25CCA26F00C8E9F7 /* ToDude.xcdatamodeld in Sources */ = {isa = PBXBuildFile; fileRef = 7FEDB64A25CCA26F00C8E9F7 /* ToDude.xcdatamodeld */; };
		7FEDB64E25CCA27200C8E9F7 /* Assets.xcassets in Resources */ = {isa = PBXBuildFile; fileRef = 7FEDB64D25CCA27200C8E9F7 /* Assets.xcassets */; };
		7FEDB65125CCA27200C8E9F7 /* LaunchScreen.storyboard in Resources */ = {isa = PBXBuildFile; fileRef = 7FEDB64F25CCA27200C8E9F7 /* LaunchScreen.storyboard */; };
		7FEDB65B25CCA39000C8E9F7 /* itemListTableViewController.swift in Sources */ = {isa = PBXBuildFile; fileRef = 7FEDB65A25CCA39000C8E9F7 /* itemListTableViewController.swift */; };
/* End PBXBuildFile section */

/* Begin PBXFileReference section */
		7FEDB63E25CCA26F00C8E9F7 /* ToDude.app */ = {isa = PBXFileReference; explicitFileType = wrapper.application; includeInIndex = 0; path = ToDude.app; sourceTree = BUILT_PRODUCTS_DIR; };
		7FEDB64125CCA26F00C8E9F7 /* AppDelegate.swift */ = {isa = PBXFileReference; lastKnownFileType = sourcecode.swift; path = AppDelegate.swift; sourceTree = "<group>"; };
		7FEDB64325CCA26F00C8E9F7 /* SceneDelegate.swift */ = {isa = PBXFileReference; lastKnownFileType = sourcecode.swift; path = SceneDelegate.swift; sourceTree = "<group>"; };
		7FEDB64825CCA26F00C8E9F7 /* Base */ = {isa = PBXFileReference; lastKnownFileType = file.storyboard; name = Base; path = Base.lproj/Main.storyboard; sourceTree = "<group>"; };
		7FEDB64B25CCA26F00C8E9F7 /* ToDude.xcdatamodel */ = {isa = PBXFileReference; lastKnownFileType = wrapper.xcdatamodel; path = ToDude.xcdatamodel; sourceTree = "<group>"; };
		7FEDB64D25CCA27200C8E9F7 /* Assets.xcassets */ = {isa = PBXFileReference; lastKnownFileType = folder.assetcatalog; path = Assets.xcassets; sourceTree = "<group>"; };
		7FEDB65025CCA27200C8E9F7 /* Base */ = {isa = PBXFileReference; lastKnownFileType = file.storyboard; name = Base; path = Base.lproj/LaunchScreen.storyboard; sourceTree = "<group>"; };
		7FEDB65225CCA27200C8E9F7 /* Info.plist */ = {isa = PBXFileReference; lastKnownFileType = text.plist.xml; path = Info.plist; sourceTree = "<group>"; };
		7FEDB65A25CCA39000C8E9F7 /* itemListTableViewController.swift */ = {isa = PBXFileReference; lastKnownFileType = sourcecode.swift; path = itemListTableViewController.swift; sourceTree = "<group>"; };
		E08157C6C7D5773EE59C7951 /* Pods-ToDude.debug.xcconfig */ = {isa = PBXFileReference; includeInIndex = 1; lastKnownFileType = text.xcconfig; name = "Pods-ToDude.debug.xcconfig"; path = "Target Support Files/Pods-ToDude/Pods-ToDude.debug.xcconfig"; sourceTree = "<group>"; };
		ED96A4FCB7B464B1FBB28726 /* Pods-ToDude.release.xcconfig */ = {isa = PBXFileReference; includeInIndex = 1; lastKnownFileType = text.xcconfig; name = "Pods-ToDude.release.xcconfig"; path = "Target Support Files/Pods-ToDude/Pods-ToDude.release.xcconfig"; sourceTree = "<group>"; };
		F84EAECE2BC38EB8A8B5964E /* Pods_ToDude.framework */ = {isa = PBXFileReference; explicitFileType = wrapper.framework; includeInIndex = 0; path = Pods_ToDude.framework; sourceTree = BUILT_PRODUCTS_DIR; };
/* End PBXFileReference section */

/* Begin PBXFrameworksBuildPhase section */
		7FEDB63B25CCA26F00C8E9F7 /* Frameworks */ = {
			isa = PBXFrameworksBuildPhase;
			buildActionMask = 2147483647;
			files = (
				680D8502D835B82F77BC3569 /* Pods_ToDude.framework in Frameworks */,
			);
			runOnlyForDeploymentPostprocessing = 0;
		};
/* End PBXFrameworksBuildPhase section */

/* Begin PBXGroup section */
		17F44077AF76B5D2C191DCF0 /* Frameworks */ = {
			isa = PBXGroup;
			children = (
				F84EAECE2BC38EB8A8B5964E /* Pods_ToDude.framework */,
			);
			name = Frameworks;
			sourceTree = "<group>";
		};
		1875A2FD11FDA459FE19C5C5 /* Pods */ = {
			isa = PBXGroup;
			children = (
				E08157C6C7D5773EE59C7951 /* Pods-ToDude.debug.xcconfig */,
				ED96A4FCB7B464B1FBB28726 /* Pods-ToDude.release.xcconfig */,
			);
			name = Pods;
			path = Pods;
			sourceTree = "<group>";
		};
		7FEDB63525CCA26F00C8E9F7 = {
			isa = PBXGroup;
			children = (
				7FEDB64025CCA26F00C8E9F7 /* ToDude */,
				7FEDB63F25CCA26F00C8E9F7 /* Products */,
				1875A2FD11FDA459FE19C5C5 /* Pods */,
				17F44077AF76B5D2C191DCF0 /* Frameworks */,
			);
			sourceTree = "<group>";
		};
		7FEDB63F25CCA26F00C8E9F7 /* Products */ = {
			isa = PBXGroup;
			children = (
				7FEDB63E25CCA26F00C8E9F7 /* ToDude.app */,
			);
			name = Products;
			sourceTree = "<group>";
		};
		7FEDB64025CCA26F00C8E9F7 /* ToDude */ = {
			isa = PBXGroup;
			children = (
				7FEDB64125CCA26F00C8E9F7 /* AppDelegate.swift */,
				7FEDB64325CCA26F00C8E9F7 /* SceneDelegate.swift */,
				7FEDB64725CCA26F00C8E9F7 /* Main.storyboard */,
				7FEDB64D25CCA27200C8E9F7 /* Assets.xcassets */,
				7FEDB64F25CCA27200C8E9F7 /* LaunchScreen.storyboard */,
				7FEDB65225CCA27200C8E9F7 /* Info.plist */,
				7FEDB64A25CCA26F00C8E9F7 /* ToDude.xcdatamodeld */,
				7FEDB65A25CCA39000C8E9F7 /* itemListTableViewController.swift */,
			);
			path = ToDude;
			sourceTree = "<group>";
		};
/* End PBXGroup section */

/* Begin PBXNativeTarget section */
		7FEDB63D25CCA26F00C8E9F7 /* ToDude */ = {
			isa = PBXNativeTarget;
			buildConfigurationList = 7FEDB65525CCA27200C8E9F7 /* Build configuration list for PBXNativeTarget "ToDude" */;
			buildPhases = (
				A771DD7DDA1F56345C0D3E44 /* [CP] Check Pods Manifest.lock */,
				7FEDB63A25CCA26F00C8E9F7 /* Sources */,
				7FEDB63B25CCA26F00C8E9F7 /* Frameworks */,
				7FEDB63C25CCA26F00C8E9F7 /* Resources */,
				081EB29EDABC9E7684D04FCC /* [CP] Embed Pods Frameworks */,
			);
			buildRules = (
			);
			dependencies = (
			);
			name = ToDude;
			productName = ToDude;
			productReference = 7FEDB63E25CCA26F00C8E9F7 /* ToDude.app */;
			productType = "com.apple.product-type.application";
		};
/* End PBXNativeTarget section */

/* Begin PBXProject section */
		7FEDB63625CCA26F00C8E9F7 /* Project object */ = {
			isa = PBXProject;
			attributes = {
				LastSwiftUpdateCheck = 1240;
				LastUpgradeCheck = 1240;
				TargetAttributes = {
					7FEDB63D25CCA26F00C8E9F7 = {
						CreatedOnToolsVersion = 12.4;
					};
				};
			};
			buildConfigurationList = 7FEDB63925CCA26F00C8E9F7 /* Build configuration list for PBXProject "ToDude" */;
			compatibilityVersion = "Xcode 9.3";
			developmentRegion = en;
			hasScannedForEncodings = 0;
			knownRegions = (
				en,
				Base,
			);
			mainGroup = 7FEDB63525CCA26F00C8E9F7;
			productRefGroup = 7FEDB63F25CCA26F00C8E9F7 /* Products */;
			projectDirPath = "";
			projectRoot = "";
			targets = (
				7FEDB63D25CCA26F00C8E9F7 /* ToDude */,
			);
		};
/* End PBXProject section */

/* Begin PBXResourcesBuildPhase section */
		7FEDB63C25CCA26F00C8E9F7 /* Resources */ = {
			isa = PBXResourcesBuildPhase;
			buildActionMask = 2147483647;
			files = (
				7FEDB65125CCA27200C8E9F7 /* LaunchScreen.storyboard in Resources */,
				7FEDB64E25CCA27200C8E9F7 /* Assets.xcassets in Resources */,
				7FEDB64925CCA26F00C8E9F7 /* Main.storyboard in Resources */,
			);
			runOnlyForDeploymentPostprocessing = 0;
		};
/* End PBXResourcesBuildPhase section */

/* Begin PBXShellScriptBuildPhase section */
		081EB29EDABC9E7684D04FCC /* [CP] Embed Pods Frameworks */ = {
			isa = PBXShellScriptBuildPhase;
			buildActionMask = 2147483647;
			files = (
			);
			inputFileListPaths = (
				"${PODS_ROOT}/Target Support Files/Pods-ToDude/Pods-ToDude-frameworks-${CONFIGURATION}-input-files.xcfilelist",
			);
			name = "[CP] Embed Pods Frameworks";
			outputFileListPaths = (
				"${PODS_ROOT}/Target Support Files/Pods-ToDude/Pods-ToDude-frameworks-${CONFIGURATION}-output-files.xcfilelist",
			);
			runOnlyForDeploymentPostprocessing = 0;
			shellPath = /bin/sh;
			shellScript = "\"${PODS_ROOT}/Target Support Files/Pods-ToDude/Pods-ToDude-frameworks.sh\"\n";
			showEnvVarsInLog = 0;
		};
		A771DD7DDA1F56345C0D3E44 /* [CP] Check Pods Manifest.lock */ = {
			isa = PBXShellScriptBuildPhase;
			buildActionMask = 2147483647;
			files = (
			);
			inputFileListPaths = (
			);
			inputPaths = (
				"${PODS_PODFILE_DIR_PATH}/Podfile.lock",
				"${PODS_ROOT}/Manifest.lock",
			);
			name = "[CP] Check Pods Manifest.lock";
			outputFileListPaths = (
			);
			outputPaths = (
				"$(DERIVED_FILE_DIR)/Pods-ToDude-checkManifestLockResult.txt",
			);
			runOnlyForDeploymentPostprocessing = 0;
			shellPath = /bin/sh;
			shellScript = "diff \"${PODS_PODFILE_DIR_PATH}/Podfile.lock\" \"${PODS_ROOT}/Manifest.lock\" > /dev/null\nif [ $? != 0 ] ; then\n    # print error to STDERR\n    echo \"error: The sandbox is not in sync with the Podfile.lock. Run 'pod install' or update your CocoaPods installation.\" >&2\n    exit 1\nfi\n# This output is used by Xcode 'outputs' to avoid re-running this script phase.\necho \"SUCCESS\" > \"${SCRIPT_OUTPUT_FILE_0}\"\n";
			showEnvVarsInLog = 0;
		};
/* End PBXShellScriptBuildPhase section */

/* Begin PBXSourcesBuildPhase section */
		7FEDB63A25CCA26F00C8E9F7 /* Sources */ = {
			isa = PBXSourcesBuildPhase;
			buildActionMask = 2147483647;
			files = (
				7FEDB64C25CCA26F00C8E9F7 /* ToDude.xcdatamodeld in Sources */,
				7FEDB64225CCA26F00C8E9F7 /* AppDelegate.swift in Sources */,
				7FEDB65B25CCA39000C8E9F7 /* itemListTableViewController.swift in Sources */,
				7FEDB64425CCA26F00C8E9F7 /* SceneDelegate.swift in Sources */,
			);
			runOnlyForDeploymentPostprocessing = 0;
		};
/* End PBXSourcesBuildPhase section */

/* Begin PBXVariantGroup section */
		7FEDB64725CCA26F00C8E9F7 /* Main.storyboard */ = {
			isa = PBXVariantGroup;
			children = (
				7FEDB64825CCA26F00C8E9F7 /* Base */,
			);
			name = Main.storyboard;
			sourceTree = "<group>";
		};
		7FEDB64F25CCA27200C8E9F7 /* LaunchScreen.storyboard */ = {
			isa = PBXVariantGroup;
			children = (
				7FEDB65025CCA27200C8E9F7 /* Base */,
			);
			name = LaunchScreen.storyboard;
			sourceTree = "<group>";
		};
/* End PBXVariantGroup section */

/* Begin XCBuildConfiguration section */
		7FEDB65325CCA27200C8E9F7 /* Debug */ = {
			isa = XCBuildConfiguration;
			buildSettings = {
				ALWAYS_SEARCH_USER_PATHS = NO;
				CLANG_ANALYZER_NONNULL = YES;
				CLANG_ANALYZER_NUMBER_OBJECT_CONVERSION = YES_AGGRESSIVE;
				CLANG_CXX_LANGUAGE_STANDARD = "gnu++14";
				CLANG_CXX_LIBRARY = "libc++";
				CLANG_ENABLE_MODULES = YES;
				CLANG_ENABLE_OBJC_ARC = YES;
				CLANG_ENABLE_OBJC_WEAK = YES;
				CLANG_WARN_BLOCK_CAPTURE_AUTORELEASING = YES;
				CLANG_WARN_BOOL_CONVERSION = YES;
				CLANG_WARN_COMMA = YES;
				CLANG_WARN_CONSTANT_CONVERSION = YES;
				CLANG_WARN_DEPRECATED_OBJC_IMPLEMENTATIONS = YES;
				CLANG_WARN_DIRECT_OBJC_ISA_USAGE = YES_ERROR;
				CLANG_WARN_DOCUMENTATION_COMMENTS = YES;
				CLANG_WARN_EMPTY_BODY = YES;
				CLANG_WARN_ENUM_CONVERSION = YES;
				CLANG_WARN_INFINITE_RECURSION = YES;
				CLANG_WARN_INT_CONVERSION = YES;
				CLANG_WARN_NON_LITERAL_NULL_CONVERSION = YES;
				CLANG_WARN_OBJC_IMPLICIT_RETAIN_SELF = YES;
				CLANG_WARN_OBJC_LITERAL_CONVERSION = YES;
				CLANG_WARN_OBJC_ROOT_CLASS = YES_ERROR;
				CLANG_WARN_QUOTED_INCLUDE_IN_FRAMEWORK_HEADER = YES;
				CLANG_WARN_RANGE_LOOP_ANALYSIS = YES;
				CLANG_WARN_STRICT_PROTOTYPES = YES;
				CLANG_WARN_SUSPICIOUS_MOVE = YES;
				CLANG_WARN_UNGUARDED_AVAILABILITY = YES_AGGRESSIVE;
				CLANG_WARN_UNREACHABLE_CODE = YES;
				CLANG_WARN__DUPLICATE_METHOD_MATCH = YES;
				COPY_PHASE_STRIP = NO;
				DEBUG_INFORMATION_FORMAT = dwarf;
				ENABLE_STRICT_OBJC_MSGSEND = YES;
				ENABLE_TESTABILITY = YES;
				GCC_C_LANGUAGE_STANDARD = gnu11;
				GCC_DYNAMIC_NO_PIC = NO;
				GCC_NO_COMMON_BLOCKS = YES;
				GCC_OPTIMIZATION_LEVEL = 0;
				GCC_PREPROCESSOR_DEFINITIONS = (
					"DEBUG=1",
					"$(inherited)",
				);
				GCC_WARN_64_TO_32_BIT_CONVERSION = YES;
				GCC_WARN_ABOUT_RETURN_TYPE = YES_ERROR;
				GCC_WARN_UNDECLARED_SELECTOR = YES;
				GCC_WARN_UNINITIALIZED_AUTOS = YES_AGGRESSIVE;
				GCC_WARN_UNUSED_FUNCTION = YES;
				GCC_WARN_UNUSED_VARIABLE = YES;
				IPHONEOS_DEPLOYMENT_TARGET = 14.4;
				MTL_ENABLE_DEBUG_INFO = INCLUDE_SOURCE;
				MTL_FAST_MATH = YES;
				ONLY_ACTIVE_ARCH = YES;
				SDKROOT = iphoneos;
				SWIFT_ACTIVE_COMPILATION_CONDITIONS = DEBUG;
				SWIFT_OPTIMIZATION_LEVEL = "-Onone";
			};
			name = Debug;
		};
		7FEDB65425CCA27200C8E9F7 /* Release */ = {
			isa = XCBuildConfiguration;
			buildSettings = {
				ALWAYS_SEARCH_USER_PATHS = NO;
				CLANG_ANALYZER_NONNULL = YES;
				CLANG_ANALYZER_NUMBER_OBJECT_CONVERSION = YES_AGGRESSIVE;
				CLANG_CXX_LANGUAGE_STANDARD = "gnu++14";
				CLANG_CXX_LIBRARY = "libc++";
				CLANG_ENABLE_MODULES = YES;
				CLANG_ENABLE_OBJC_ARC = YES;
				CLANG_ENABLE_OBJC_WEAK = YES;
				CLANG_WARN_BLOCK_CAPTURE_AUTORELEASING = YES;
				CLANG_WARN_BOOL_CONVERSION = YES;
				CLANG_WARN_COMMA = YES;
				CLANG_WARN_CONSTANT_CONVERSION = YES;
				CLANG_WARN_DEPRECATED_OBJC_IMPLEMENTATIONS = YES;
				CLANG_WARN_DIRECT_OBJC_ISA_USAGE = YES_ERROR;
				CLANG_WARN_DOCUMENTATION_COMMENTS = YES;
				CLANG_WARN_EMPTY_BODY = YES;
				CLANG_WARN_ENUM_CONVERSION = YES;
				CLANG_WARN_INFINITE_RECURSION = YES;
				CLANG_WARN_INT_CONVERSION = YES;
				CLANG_WARN_NON_LITERAL_NULL_CONVERSION = YES;
				CLANG_WARN_OBJC_IMPLICIT_RETAIN_SELF = YES;
				CLANG_WARN_OBJC_LITERAL_CONVERSION = YES;
				CLANG_WARN_OBJC_ROOT_CLASS = YES_ERROR;
				CLANG_WARN_QUOTED_INCLUDE_IN_FRAMEWORK_HEADER = YES;
				CLANG_WARN_RANGE_LOOP_ANALYSIS = YES;
				CLANG_WARN_STRICT_PROTOTYPES = YES;
				CLANG_WARN_SUSPICIOUS_MOVE = YES;
				CLANG_WARN_UNGUARDED_AVAILABILITY = YES_AGGRESSIVE;
				CLANG_WARN_UNREACHABLE_CODE = YES;
				CLANG_WARN__DUPLICATE_METHOD_MATCH = YES;
				COPY_PHASE_STRIP = NO;
				DEBUG_INFORMATION_FORMAT = "dwarf-with-dsym";
				ENABLE_NS_ASSERTIONS = NO;
				ENABLE_STRICT_OBJC_MSGSEND = YES;
				GCC_C_LANGUAGE_STANDARD = gnu11;
				GCC_NO_COMMON_BLOCKS = YES;
				GCC_WARN_64_TO_32_BIT_CONVERSION = YES;
				GCC_WARN_ABOUT_RETURN_TYPE = YES_ERROR;
				GCC_WARN_UNDECLARED_SELECTOR = YES;
				GCC_WARN_UNINITIALIZED_AUTOS = YES_AGGRESSIVE;
				GCC_WARN_UNUSED_FUNCTION = YES;
				GCC_WARN_UNUSED_VARIABLE = YES;
				IPHONEOS_DEPLOYMENT_TARGET = 14.4;
				MTL_ENABLE_DEBUG_INFO = NO;
				MTL_FAST_MATH = YES;
				SDKROOT = iphoneos;
				SWIFT_COMPILATION_MODE = wholemodule;
				SWIFT_OPTIMIZATION_LEVEL = "-O";
				VALIDATE_PRODUCT = YES;
			};
			name = Release;
		};
		7FEDB65625CCA27200C8E9F7 /* Debug */ = {
			isa = XCBuildConfiguration;
			baseConfigurationReference = E08157C6C7D5773EE59C7951 /* Pods-ToDude.debug.xcconfig */;
			buildSettings = {
				ASSETCATALOG_COMPILER_APPICON_NAME = AppIcon;
				ASSETCATALOG_COMPILER_GLOBAL_ACCENT_COLOR_NAME = AccentColor;
				CODE_SIGN_STYLE = Automatic;
				INFOPLIST_FILE = ToDude/Info.plist;
				LD_RUNPATH_SEARCH_PATHS = (
					"$(inherited)",
					"@executable_path/Frameworks",
				);
				PRODUCT_BUNDLE_IDENTIFIER = com.mandeepdhillon.ToDude;
				PRODUCT_NAME = "$(TARGET_NAME)";
				SWIFT_VERSION = 5.0;
				TARGETED_DEVICE_FAMILY = "1,2";
			};
			name = Debug;
		};
		7FEDB65725CCA27200C8E9F7 /* Release */ = {
			isa = XCBuildConfiguration;
			baseConfigurationReference = ED96A4FCB7B464B1FBB28726 /* Pods-ToDude.release.xcconfig */;
			buildSettings = {
				ASSETCATALOG_COMPILER_APPICON_NAME = AppIcon;
				ASSETCATALOG_COMPILER_GLOBAL_ACCENT_COLOR_NAME = AccentColor;
				CODE_SIGN_STYLE = Automatic;
				INFOPLIST_FILE = ToDude/Info.plist;
				LD_RUNPATH_SEARCH_PATHS = (
					"$(inherited)",
					"@executable_path/Frameworks",
				);
				PRODUCT_BUNDLE_IDENTIFIER = com.mandeepdhillon.ToDude;
				PRODUCT_NAME = "$(TARGET_NAME)";
				SWIFT_VERSION = 5.0;
				TARGETED_DEVICE_FAMILY = "1,2";
			};
			name = Release;
		};
/* End XCBuildConfiguration section */

/* Begin XCConfigurationList section */
		7FEDB63925CCA26F00C8E9F7 /* Build configuration list for PBXProject "ToDude" */ = {
			isa = XCConfigurationList;
			buildConfigurations = (
				7FEDB65325CCA27200C8E9F7 /* Debug */,
				7FEDB65425CCA27200C8E9F7 /* Release */,
			);
			defaultConfigurationIsVisible = 0;
			defaultConfigurationName = Release;
		};
		7FEDB65525CCA27200C8E9F7 /* Build configuration list for PBXNativeTarget "ToDude" */ = {
			isa = XCConfigurationList;
			buildConfigurations = (
				7FEDB65625CCA27200C8E9F7 /* Debug */,
				7FEDB65725CCA27200C8E9F7 /* Release */,
			);
			defaultConfigurationIsVisible = 0;
			defaultConfigurationName = Release;
		};
/* End XCConfigurationList section */

/* Begin XCVersionGroup section */
		7FEDB64A25CCA26F00C8E9F7 /* ToDude.xcdatamodeld */ = {
			isa = XCVersionGroup;
			children = (
				7FEDB64B25CCA26F00C8E9F7 /* ToDude.xcdatamodel */,
			);
			currentVersion = 7FEDB64B25CCA26F00C8E9F7 /* ToDude.xcdatamodel */;
			path = ToDude.xcdatamodeld;
			sourceTree = "<group>";
			versionGroupType = wrapper.xcdatamodel;
		};
/* End XCVersionGroup section */
	};
	rootObject = 7FEDB63625CCA26F00C8E9F7 /* Project object */;
}
